{
  "originHash" : "176dc78a6001e93451b33945901c0b025f82028483a35b774506db6ef3b7e5da",
  "pins" : [
    {
      "identity" : "wwacknowledgementviewcontroller",
      "kind" : "remoteSourceControl",
      "location" : "https://github.com/William-Weng/WWAcknowledgementViewController",
      "state" : {
        "revision" : "88d1f3f87302ea8183ba9338e3a2d5c3ca3a58a5",
        "version" : "1.0.0"
      }
    },
    {
      "identity" : "wwjavascriptcontext",
      "kind" : "remoteSourceControl",
      "location" : "https://github.com/William-Weng/WWJavaScriptContext",
      "state" : {
        "revision" : "6e575659f75d2c50be7ad25ebdae6c9d8f1b164a",
        "version" : "1.1.0"
      }
    },
    {
      "identity" : "wwjavascriptcontext_markdown",
      "kind" : "remoteSourceControl",
      "location" : "https://github.com/William-Weng/WWJavaScriptContext_Markdown",
      "state" : {
        "revision" : "2cacfabc98d9b9c68c37ceb68e0bc08378bfb7b7",
        "version" : "1.1.1"
      }
    }
  ],
  "version" : 3
}
